<?xml version="1.0" encoding="utf-8"?>
<Project ToolsVersion="4.0" xmlns="http://schemas.microsoft.com/developer/msbuild/2003">
  <ItemGroup>
    <Filter Include="ProjectCreateWizard">
      <UniqueIdentifier>{f58e3c32-63fd-4f34-94b1-6556b78b51c4}</UniqueIdentifier>
    </Filter>
    <Filter Include="ImgResources">
      <UniqueIdentifier>{3d7314da-d18f-48b6-aabf-91d37816878e}</UniqueIdentifier>
    </Filter>
    <Filter Include="ImgResources\Toolbar">
      <UniqueIdentifier>{ecba96e9-01e2-41ad-8122-532f43299a30}</UniqueIdentifier>
    </Filter>
  </ItemGroup>
  <ItemGroup>
    <ClInclude Include="ProjectCreateWizard\ProjectCreateWizardBasePage.h">
      <Filter>ProjectCreateWizard</Filter>
    </ClInclude>
    <ClInclude Include="ProjectCreateWizard\WizardBasicInfoPage.h">
      <Filter>ProjectCreateWizard</Filter>
    </ClInclude>
    <ClInclude Include="ProjectCreateWizard\WizardSelectBrowserPage.h">
      <Filter>ProjectCreateWizard</Filter>
    </ClInclude>
    <ClInclude Include="BitmapUtils.h" />
    <ClInclude Include="StudioMainFrame.h" />
    <ClInclude Include="ToolbarIcons.h" />
    <ClInclude Include="imgResources\toolbar\toolbar_inspect.h">
      <Filter>ImgResources\Toolbar</Filter>
    </ClInclude>
    <ClInclude Include="imgResources\toolbar\toolbar_new_project.h">
      <Filter>ImgResources\Toolbar</Filter>
    </ClInclude>
    <ClInclude Include="imgResources\toolbar\toolbar_open_project.h">
      <Filter>ImgResources\Toolbar</Filter>
    </ClInclude>
    <ClInclude Include="imgResources\toolbar\toolbar_pause_record.h">
      <Filter>ImgResources\Toolbar</Filter>
    </ClInclude>
    <ClInclude Include="imgResources\toolbar\toolbar_save_project.h">
      <Filter>ImgResources\Toolbar</Filter>
    </ClInclude>
    <ClInclude Include="imgResources\toolbar\toolbar_stop_record.h">
      <Filter>ImgResources\Toolbar</Filter>
    </ClInclude>
    <ClInclude Include="imgResources\toolbar\toolbar_start_record.h">
      <Filter>ImgResources\Toolbar</Filter>
    </ClInclude>
    <ClInclude Include="WizardStepIndicator.h" />
    <ClInclude Include="ProjectWizardControlIDs.h">
      <Filter>ProjectCreateWizard</Filter>
    </ClInclude>
    <ClInclude Include="resource.h" />
  </ItemGroup>
  <ItemGroup>
    <ClCompile Include="ProjectCreateWizard\WizardBasicInfoPage.cpp">
      <Filter>ProjectCreateWizard</Filter>
    </ClCompile>
    <ClCompile Include="ProjectCreateWizard\WizardSelectBrowserPage.cpp">
      <Filter>ProjectCreateWizard</Filter>
    </ClCompile>
    <ClCompile Include="BitmapUtils.cpp" />
    <ClCompile Include="studio.cpp" />
    <ClCompile Include="StudioMainFrame.cpp" />
    <ClCompile Include="ToolbarIcons.cpp" />
    <ClCompile Include="WizardStepIndicator.cpp" />
  </ItemGroup>
  <ItemGroup>
    <ResourceCompile Include="VersionInfo.rc" />
  </ItemGroup>
</Project>