<?xml version="1.0" encoding="utf-8"?>
<Project ToolsVersion="4.0" xmlns="http://schemas.microsoft.com/developer/msbuild/2003">
  <ItemGroup>
    <Filter Include="ImgResources">
      <UniqueIdentifier>{3d7314da-d18f-48b6-aabf-91d37816878e}</UniqueIdentifier>
    </Filter>
    <Filter Include="ImgResources\Toolbar">
      <UniqueIdentifier>{ecba96e9-01e2-41ad-8122-532f43299a30}</UniqueIdentifier>
    </Filter>
    <Filter Include="SolutionCreateWizard">
      <UniqueIdentifier>{f58e3c32-63fd-4f34-94b1-6556b78b51c4}</UniqueIdentifier>
    </Filter>
    <Filter Include="ImgResources\BrowserIcons">
      <UniqueIdentifier>{d7e99a7a-fb9c-4fac-b2b8-ba062cbe5cf2}</UniqueIdentifier>
    </Filter>
  </ItemGroup>
  <ItemGroup>
    <ClInclude Include="BitmapUtils.h" />
    <ClInclude Include="StudioMainFrame.h" />
    <ClInclude Include="ToolbarIcons.h" />
    <ClInclude Include="WizardStepIndicator.h" />
    <ClInclude Include="resource.h" />
    <ClInclude Include="Platform.h" />
    <ClInclude Include="StudioDefinitions.h" />
    <ClInclude Include="..\artworkResources\studio\toolbar\toolbar_inspect.h">
      <Filter>ImgResources\Toolbar</Filter>
    </ClInclude>
    <ClInclude Include="..\artworkResources\studio\toolbar\toolbar_new_project.h">
      <Filter>ImgResources\Toolbar</Filter>
    </ClInclude>
    <ClInclude Include="..\artworkResources\studio\toolbar\toolbar_open_project.h">
      <Filter>ImgResources\Toolbar</Filter>
    </ClInclude>
    <ClInclude Include="..\artworkResources\studio\toolbar\toolbar_pause_record.h">
      <Filter>ImgResources\Toolbar</Filter>
    </ClInclude>
    <ClInclude Include="..\artworkResources\studio\toolbar\toolbar_resume_record.h">
      <Filter>ImgResources\Toolbar</Filter>
    </ClInclude>
    <ClInclude Include="..\artworkResources\studio\toolbar\toolbar_save_project.h">
      <Filter>ImgResources\Toolbar</Filter>
    </ClInclude>
    <ClInclude Include="..\artworkResources\studio\toolbar\toolbar_start_record.h">
      <Filter>ImgResources\Toolbar</Filter>
    </ClInclude>
    <ClInclude Include="..\artworkResources\studio\toolbar\toolbar_stop_record.h">
      <Filter>ImgResources\Toolbar</Filter>
    </ClInclude>
    <ClInclude Include="StudioStateController.h" />
    <ClInclude Include="StudioSolution.h" />
    <ClInclude Include="SolutionCreateWizard\BrowserIcons.h">
      <Filter>SolutionCreateWizard</Filter>
    </ClInclude>
    <ClInclude Include="SolutionCreateWizard\WizardBasicInfoPage.h">
      <Filter>SolutionCreateWizard</Filter>
    </ClInclude>
    <ClInclude Include="SolutionCreateWizard\WizardBehaviourPage.h">
      <Filter>SolutionCreateWizard</Filter>
    </ClInclude>
    <ClInclude Include="SolutionCreateWizard\WizardFinishPage.h">
      <Filter>SolutionCreateWizard</Filter>
    </ClInclude>
    <ClInclude Include="SolutionCreateWizard\WizardSelectBrowserPage.h">
      <Filter>SolutionCreateWizard</Filter>
    </ClInclude>
    <ClInclude Include="SolutionCreateWizard\SolutionCreateWizardBasePage.h">
      <Filter>SolutionCreateWizard</Filter>
    </ClInclude>
    <ClInclude Include="..\artworkResources\studio\browserIcons\browser_chromium_icon.h">
      <Filter>ImgResources\BrowserIcons</Filter>
    </ClInclude>
    <ClInclude Include="..\artworkResources\studio\browserIcons\browser_firefox_icon.h">
      <Filter>ImgResources\BrowserIcons</Filter>
    </ClInclude>
    <ClInclude Include="..\artworkResources\studio\browserIcons\browser_google_chrome_icon.h">
      <Filter>ImgResources\BrowserIcons</Filter>
    </ClInclude>
    <ClInclude Include="..\artworkResources\studio\browserIcons\browser_microsoft_edge_icon.h">
      <Filter>ImgResources\BrowserIcons</Filter>
    </ClInclude>
    <ClInclude Include="..\artworkResources\studio\toolbar\toolbar_close_solution.h">
      <Filter>ImgResources\Toolbar</Filter>
    </ClInclude>
    <ClInclude Include="SolutionExplorerIcons.h" />
    <ClInclude Include="FilesystemUtils.h" />
    <ClInclude Include="RecentSolutionsManager.h" />
  </ItemGroup>
  <ItemGroup>
    <ClCompile Include="BitmapUtils.cpp" />
    <ClCompile Include="studio.cpp" />
    <ClCompile Include="StudioMainFrame.cpp" />
    <ClCompile Include="ToolbarIcons.cpp" />
    <ClCompile Include="WizardStepIndicator.cpp" />
    <ClCompile Include="Platform.cpp" />
    <ClCompile Include="StudioStateController.cpp" />
    <ClCompile Include="SolutionCreateWizard\BrowserIcons.cpp">
      <Filter>SolutionCreateWizard</Filter>
    </ClCompile>
    <ClCompile Include="SolutionCreateWizard\WizardBasicInfoPage.cpp">
      <Filter>SolutionCreateWizard</Filter>
    </ClCompile>
    <ClCompile Include="SolutionCreateWizard\WizardBehaviourPage.cpp">
      <Filter>SolutionCreateWizard</Filter>
    </ClCompile>
    <ClCompile Include="SolutionCreateWizard\WizardFinishPage.cpp">
      <Filter>SolutionCreateWizard</Filter>
    </ClCompile>
    <ClCompile Include="SolutionCreateWizard\WizardSelectBrowserPage.cpp">
      <Filter>SolutionCreateWizard</Filter>
    </ClCompile>
    <ClCompile Include="SolutionExplorerIcons.cpp" />
    <ClCompile Include="FilesystemUtils.cpp" />
    <ClCompile Include="StudioSolution.cpp" />
    <ClCompile Include="RecentSolutionsManager.cpp" />
  </ItemGroup>
  <ItemGroup>
    <ResourceCompile Include="VersionInfo.rc" />
  </ItemGroup>
</Project>